
Microsoft Visual Studio Solution File, Format Version 12.00
# Visual Studio Version 17
VisualStudioVersion = 17.3.32922.545
MinimumVisualStudioVersion = 10.0.40219.1
Project("{FAE04EC0-301F-11D3-BF4B-00C04F79EFBC}") = "alan_hesaplama", "alan_hesaplama\alan_hesaplama.csproj", "{AC490D6A-266D-43CA-854C-2D1AEC455AFA}"
EndProject
Global
	GlobalSection(SolutionConfigurationPlatforms) = preSolution
		Debug|Any CPU = Debug|Any CPU
		Release|Any CPU = Release|Any CPU
	EndGlobalSection
	GlobalSection(ProjectConfigurationPlatforms) = postSolution
		{AC490D6A-266D-43CA-854C-2D1AEC455AFA}.Debug|Any CPU.ActiveCfg = Debug|Any CPU
		{AC490D6A-266D-43CA-854C-2D1AEC455AFA}.Debug|Any CPU.Build.0 = Debug|Any CPU
		{AC490D6A-266D-43CA-854C-2D1AEC455AFA}.Release|Any CPU.ActiveCfg = Release|Any CPU
		{AC490D6A-266D-43CA-854C-2D1AEC455AFA}.Release|Any CPU.Build.0 = Release|Any CPU
	EndGlobalSection
	GlobalSection(SolutionProperties) = preSolution
		HideSolutionNode = FALSE
	EndGlobalSection
	GlobalSection(ExtensibilityGlobals) = postSolution
		SolutionGuid = {418E06CB-E954-4957-A1A3-0B08E1462749}
	EndGlobalSection
EndGlobal
